
Microsoft Visual Studio Solution File, Format Version 12.00
# Visual Studio Version 16
VisualStudioVersion = 16.0.30413.136
MinimumVisualStudioVersion = 10.0.40219.1
Project("{9A19103F-16F7-4668-BE54-9A1E7A4F7556}") = "DoO_CRM.BL", "DoOCRM.BL\DoO_CRM.BL.csproj", "{0AC679FB-2DB6-43A0-8A5F-ABC325BBE574}"
EndProject
Project("{9A19103F-16F7-4668-BE54-9A1E7A4F7556}") = "DoO_CRM.OperINTERFACE", "DoO_CRM.INTERFACE\DoO_CRM.OperINTERFACE.csproj", "{98F1415D-DC1E-444C-9B6E-EC08BB54200A}"
EndProject
Project("{9A19103F-16F7-4668-BE54-9A1E7A4F7556}") = "DoO_CRM.ClientINTERFACE", "DoO_CRM.ClientINTERFACE\DoO_CRM.ClientINTERFACE.csproj", "{B430C616-4799-4121-A08C-E454C0E3E3C9}"
EndProject
Project("{FAE04EC0-301F-11D3-BF4B-00C04F79EFBC}") = "DoO_CRM.BLTests", "DoO_CRM.BLTests\DoO_CRM.BLTests.csproj", "{E60FBA05-A1FB-4317-91A9-359E309DB711}"
EndProject
Global
	GlobalSection(SolutionConfigurationPlatforms) = preSolution
		Debug|Any CPU = Debug|Any CPU
		Release|Any CPU = Release|Any CPU
	EndGlobalSection
	GlobalSection(ProjectConfigurationPlatforms) = postSolution
		{0AC679FB-2DB6-43A0-8A5F-ABC325BBE574}.Debug|Any CPU.ActiveCfg = Debug|Any CPU
		{0AC679FB-2DB6-43A0-8A5F-ABC325BBE574}.Debug|Any CPU.Build.0 = Debug|Any CPU
		{0AC679FB-2DB6-43A0-8A5F-ABC325BBE574}.Release|Any CPU.ActiveCfg = Release|Any CPU
		{0AC679FB-2DB6-43A0-8A5F-ABC325BBE574}.Release|Any CPU.Build.0 = Release|Any CPU
		{98F1415D-DC1E-444C-9B6E-EC08BB54200A}.Debug|Any CPU.ActiveCfg = Debug|Any CPU
		{98F1415D-DC1E-444C-9B6E-EC08BB54200A}.Debug|Any CPU.Build.0 = Debug|Any CPU
		{98F1415D-DC1E-444C-9B6E-EC08BB54200A}.Release|Any CPU.ActiveCfg = Release|Any CPU
		{98F1415D-DC1E-444C-9B6E-EC08BB54200A}.Release|Any CPU.Build.0 = Release|Any CPU
		{B430C616-4799-4121-A08C-E454C0E3E3C9}.Debug|Any CPU.ActiveCfg = Debug|Any CPU
		{B430C616-4799-4121-A08C-E454C0E3E3C9}.Debug|Any CPU.Build.0 = Debug|Any CPU
		{B430C616-4799-4121-A08C-E454C0E3E3C9}.Release|Any CPU.ActiveCfg = Release|Any CPU
		{B430C616-4799-4121-A08C-E454C0E3E3C9}.Release|Any CPU.Build.0 = Release|Any CPU
		{E60FBA05-A1FB-4317-91A9-359E309DB711}.Debug|Any CPU.ActiveCfg = Debug|Any CPU
		{E60FBA05-A1FB-4317-91A9-359E309DB711}.Debug|Any CPU.Build.0 = Debug|Any CPU
		{E60FBA05-A1FB-4317-91A9-359E309DB711}.Release|Any CPU.ActiveCfg = Release|Any CPU
		{E60FBA05-A1FB-4317-91A9-359E309DB711}.Release|Any CPU.Build.0 = Release|Any CPU
	EndGlobalSection
	GlobalSection(SolutionProperties) = preSolution
		HideSolutionNode = FALSE
	EndGlobalSection
	GlobalSection(ExtensibilityGlobals) = postSolution
		SolutionGuid = {310721B3-77C4-457C-AC8B-A358E64441D2}
	EndGlobalSection
EndGlobal
